Microsoft Visual Studio Solution File, Format Version 12.00
# Visual Studio Version 17
VisualStudioVersion = 17.0.31410.414
MinimumVisualStudioVersion = 10.0.40219.1
Project("{FAE04EC0-301F-11D3-BF4B-00C04F79EFBC}") = "BBS.Api", "BBS.Api\\BBS.Api.csproj", "{2DBB80C2-09BF-4CBE-8481-ED52ACC08C24}"
EndProject
Project("{FAE04EC0-301F-11D3-BF4B-00C04F79EFBC}") = "BBS.Api.Tests", "BBS.Api.Tests\\BBS.Api.Tests.csproj", "{700852AE-772F-497C-8E64-D0284FABA253}"
EndProject
Project("{FAE04EC0-301F-11D3-BF4B-00C04F79EFBC}") = "BBS.Core", "BBS.Core\\BBS.Core.csproj", "{5AB0ED95-D165-4719-B8C5-66164C5F18BC}"
EndProject
Project("{FAE04EC0-301F-11D3-BF4B-00C04F79EFBC}") = "BBS.Web", "BBS.Web\\BBS.Web.csproj", "{468FE439-6DDA-4796-B1AC-0C6A9FF96943}"
EndProject
Global
    GlobalSection(SolutionConfigurationPlatforms) = preSolution
        Debug|Any CPU = Debug|Any CPU
        Release|Any CPU = Release|Any CPU
    EndGlobalSection
    GlobalSection(ProjectConfigurationPlatforms) = postSolution
        {2DBB80C2-09BF-4CBE-8481-ED52ACC08C24}.Debug|Any CPU.ActiveCfg = Debug|Any CPU
        {2DBB80C2-09BF-4CBE-8481-ED52ACC08C24}.Debug|Any CPU.Build.0 = Debug|Any CPU
        {2DBB80C2-09BF-4CBE-8481-ED52ACC08C24}.Release|Any CPU.ActiveCfg = Release|Any CPU
        {2DBB80C2-09BF-4CBE-8481-ED52ACC08C24}.Release|Any CPU.Build.0 = Release|Any CPU
        {700852AE-772F-497C-8E64-D0284FABA253}.Debug|Any CPU.ActiveCfg = Debug|Any CPU
        {700852AE-772F-497C-8E64-D0284FABA253}.Debug|Any CPU.Build.0 = Debug|Any CPU
        {700852AE-772F-497C-8E64-D0284FABA253}.Release|Any CPU.ActiveCfg = Release|Any CPU
        {700852AE-772F-497C-8E64-D0284FABA253}.Release|Any CPU.Build.0 = Release|Any CPU
        {5AB0ED95-D165-4719-B8C5-66164C5F18BC}.Debug|Any CPU.ActiveCfg = Debug|Any CPU
        {5AB0ED95-D165-4719-B8C5-66164C5F18BC}.Debug|Any CPU.Build.0 = Debug|Any CPU
        {5AB0ED95-D165-4719-B8C5-66164C5F18BC}.Release|Any CPU.ActiveCfg = Release|Any CPU
        {5AB0ED95-D165-4719-B8C5-66164C5F18BC}.Release|Any CPU.Build.0 = Release|Any CPU
        {468FE439-6DDA-4796-B1AC-0C6A9FF96943}.Debug|Any CPU.ActiveCfg = Debug|Any CPU
        {468FE439-6DDA-4796-B1AC-0C6A9FF96943}.Debug|Any CPU.Build.0 = Debug|Any CPU
        {468FE439-6DDA-4796-B1AC-0C6A9FF96943}.Release|Any CPU.ActiveCfg = Release|Any CPU
        {468FE439-6DDA-4796-B1AC-0C6A9FF96943}.Release|Any CPU.Build.0 = Release|Any CPU
    EndGlobalSection
    GlobalSection(SolutionProperties) = preSolution
        HideSolutionNode = FALSE
    EndGlobalSection
EndGlobal
